# This file is automatically @generated by Cargo.
# It is not intended for manual editing.
version = 3

[[package]]
name = "cc"
version = "1.0.73"
source = "registry+https://github.com/rust-lang/crates.io-index"
checksum = "2fff2a6927b3bb87f9595d67196a70493f627687a71d87a0d692242c33f58c11"

[[package]]
name = "cmake"
version = "0.1.48"
source = "registry+https://github.com/rust-lang/crates.io-index"
checksum = "e8ad8cef104ac57b68b89df3208164d228503abbdce70f6880ffa3d970e7443a"
dependencies = [
 "cc",
]

[[package]]
name = "lzham"
version = "0.1.1"
source = "registry+https://github.com/rust-lang/crates.io-index"
checksum = "96ad285a57bbabff3afc8e077afed4479b0f9605e74ee2b59bba10b35c9d7d8a"
dependencies = [
 "lzham-sys",
]

[[package]]
name = "lzham-sys"
version = "0.1.1"
source = "registry+https://github.com/rust-lang/crates.io-index"
checksum = "5e97ccf206d2bf2312c5746832339a8b70296dd5b755d3e6844bf275bbeed756"
dependencies = [
 "cmake",
]

[[package]]
name = "pkg-config"
version = "0.3.24"
source = "registry+https://github.com/rust-lang/crates.io-index"
checksum = "58893f751c9b0412871a09abd62ecd2a00298c6c83befa223ef98c52aef40cbe"

[[package]]
name = "rust-lzma"
version = "0.5.1"
source = "registry+https://github.com/rust-lang/crates.io-index"
checksum = "895dc04daeaeee338bb96e229797902ed3f0675bfc59d5b42e0f0b0c13ac54da"
dependencies = [
 "pkg-config",
]

[[package]]
name = "sc_compression"
version = "0.1.0"
dependencies = [
 "lzham",
 "rust-lzma",
]
